
Microsoft Visual Studio Solution File, Format Version 12.00
# Visual Studio 14
VisualStudioVersion = 14.0.25123.0
MinimumVisualStudioVersion = 10.0.40219.1
Project("{FAE04EC0-301F-11D3-BF4B-00C04F79EFBC}") = "SourceCodeViewer", "SourceCodeViewer\SourceCodeViewer.csproj", "{81D68AB4-C4EB-4D2F-A0F4-E7B6794B587A}"
EndProject
Project("{2150E333-8FDC-42A3-9474-1A3956D46DE8}") = "Solution Items", "Solution Items", "{8DC85388-3DE0-42C3-A7C8-5FBAA19FE185}"
	ProjectSection(SolutionItems) = preProject
		LICENSE-2.0.txt = LICENSE-2.0.txt
	EndProjectSection
EndProject
Global
	GlobalSection(SolutionConfigurationPlatforms) = preSolution
		Debug|Any CPU = Debug|Any CPU
		Release|Any CPU = Release|Any CPU
	EndGlobalSection
	GlobalSection(ProjectConfigurationPlatforms) = postSolution
		{81D68AB4-C4EB-4D2F-A0F4-E7B6794B587A}.Debug|Any CPU.ActiveCfg = Debug|Any CPU
		{81D68AB4-C4EB-4D2F-A0F4-E7B6794B587A}.Debug|Any CPU.Build.0 = Debug|Any CPU
		{81D68AB4-C4EB-4D2F-A0F4-E7B6794B587A}.Release|Any CPU.ActiveCfg = Release|Any CPU
		{81D68AB4-C4EB-4D2F-A0F4-E7B6794B587A}.Release|Any CPU.Build.0 = Release|Any CPU
	EndGlobalSection
	GlobalSection(SolutionProperties) = preSolution
		HideSolutionNode = FALSE
	EndGlobalSection
EndGlobal
